
Microsoft Visual Studio Solution File, Format Version 12.00
# Visual Studio Version 17
VisualStudioVersion = 17.3.32901.215
MinimumVisualStudioVersion = 10.0.40219.1
Project("{FAE04EC0-301F-11D3-BF4B-00C04F79EFBC}") = "ConsoleApp1", "ConsoleApp1\ConsoleApp1.csproj", "{34C62864-6D1C-4CE1-881F-2AF286BC1779}"
EndProject
Global
	GlobalSection(SolutionConfigurationPlatforms) = preSolution
		Debug|Any CPU = Debug|Any CPU
		Release|Any CPU = Release|Any CPU
	EndGlobalSection
	GlobalSection(ProjectConfigurationPlatforms) = postSolution
		{34C62864-6D1C-4CE1-881F-2AF286BC1779}.Debug|Any CPU.ActiveCfg = Debug|Any CPU
		{34C62864-6D1C-4CE1-881F-2AF286BC1779}.Debug|Any CPU.Build.0 = Debug|Any CPU
		{34C62864-6D1C-4CE1-881F-2AF286BC1779}.Release|Any CPU.ActiveCfg = Release|Any CPU
		{34C62864-6D1C-4CE1-881F-2AF286BC1779}.Release|Any CPU.Build.0 = Release|Any CPU
	EndGlobalSection
	GlobalSection(SolutionProperties) = preSolution
		HideSolutionNode = FALSE
	EndGlobalSection
	GlobalSection(ExtensibilityGlobals) = postSolution
		SolutionGuid = {007B8520-19EA-4278-8710-0AFB92049084}
	EndGlobalSection
EndGlobal
